
Microsoft Visual Studio Solution File, Format Version 12.00
# Visual Studio 15
VisualStudioVersion = 15.0.28010.2048
MinimumVisualStudioVersion = 10.0.40219.1
Project("{FAE04EC0-301F-11D3-BF4B-00C04F79EFBC}") = "DeltaHATE", "DeltaHATE\DeltaHATE.csproj", "{F3D4E850-F798-4769-B6FE-E2F707CE0E08}"
EndProject
Global
	GlobalSection(SolutionConfigurationPlatforms) = preSolution
		Debug|Any CPU = Debug|Any CPU
		Release|Any CPU = Release|Any CPU
	EndGlobalSection
	GlobalSection(ProjectConfigurationPlatforms) = postSolution
		{F3D4E850-F798-4769-B6FE-E2F707CE0E08}.Debug|Any CPU.ActiveCfg = Debug|Any CPU
		{F3D4E850-F798-4769-B6FE-E2F707CE0E08}.Debug|Any CPU.Build.0 = Debug|Any CPU
		{F3D4E850-F798-4769-B6FE-E2F707CE0E08}.Release|Any CPU.ActiveCfg = Release|Any CPU
		{F3D4E850-F798-4769-B6FE-E2F707CE0E08}.Release|Any CPU.Build.0 = Release|Any CPU
	EndGlobalSection
	GlobalSection(SolutionProperties) = preSolution
		HideSolutionNode = FALSE
	EndGlobalSection
	GlobalSection(ExtensibilityGlobals) = postSolution
		SolutionGuid = {317B087E-B04A-44CD-A997-2E5AF1CC0A72}
	EndGlobalSection
EndGlobal
